
Microsoft Visual Studio Solution File, Format Version 12.00
# Visual Studio Version 16
VisualStudioVersion = 16.0.30114.105
MinimumVisualStudioVersion = 10.0.40219.1
Project("{FAE04EC0-301F-11D3-BF4B-00C04F79EFBC}") = "ChatifyProject.Webapi", "ChatifyProject.Webapi\ChatifyProject.Webapi.csproj", "{CEF844BF-E025-48D1-A538-322916A8656E}"
EndProject
Project("{FAE04EC0-301F-11D3-BF4B-00C04F79EFBC}") = "ChatifyProject.Application", "ChatifyProject.Application\ChatifyProject.Application.csproj", "{779E4ADC-65F7-491C-A3B0-6C72CE62163E}"
EndProject
Global
	GlobalSection(SolutionConfigurationPlatforms) = preSolution
		Debug|Any CPU = Debug|Any CPU
		Release|Any CPU = Release|Any CPU
	EndGlobalSection
	GlobalSection(SolutionProperties) = preSolution
		HideSolutionNode = FALSE
	EndGlobalSection
	GlobalSection(ProjectConfigurationPlatforms) = postSolution
		{CEF844BF-E025-48D1-A538-322916A8656E}.Debug|Any CPU.ActiveCfg = Debug|Any CPU
		{CEF844BF-E025-48D1-A538-322916A8656E}.Debug|Any CPU.Build.0 = Debug|Any CPU
		{CEF844BF-E025-48D1-A538-322916A8656E}.Release|Any CPU.ActiveCfg = Release|Any CPU
		{CEF844BF-E025-48D1-A538-322916A8656E}.Release|Any CPU.Build.0 = Release|Any CPU
		{779E4ADC-65F7-491C-A3B0-6C72CE62163E}.Debug|Any CPU.ActiveCfg = Debug|Any CPU
		{779E4ADC-65F7-491C-A3B0-6C72CE62163E}.Debug|Any CPU.Build.0 = Debug|Any CPU
		{779E4ADC-65F7-491C-A3B0-6C72CE62163E}.Release|Any CPU.ActiveCfg = Release|Any CPU
		{779E4ADC-65F7-491C-A3B0-6C72CE62163E}.Release|Any CPU.Build.0 = Release|Any CPU
	EndGlobalSection
EndGlobal
